
Microsoft Visual Studio Solution File, Format Version 12.00
# Visual Studio 14
VisualStudioVersion = 14.0.25008.0
MinimumVisualStudioVersion = 10.0.40219.1
Project("{FAE04EC0-301F-11D3-BF4B-00C04F79EFBC}") = "DSA", "DSA\DSA.csproj", "{B4F99C9C-2AFC-4D41-86B1-EB6DA0807C18}"
EndProject
Project("{FAE04EC0-301F-11D3-BF4B-00C04F79EFBC}") = "DSAUnitTests", "DSAUnitTests\DSAUnitTests.csproj", "{DD36F5BA-30C8-435E-865F-F8C0EBADAE05}"
EndProject
Global
	GlobalSection(SolutionConfigurationPlatforms) = preSolution
		Debug|Any CPU = Debug|Any CPU
		Release|Any CPU = Release|Any CPU
	EndGlobalSection
	GlobalSection(ProjectConfigurationPlatforms) = postSolution
		{B4F99C9C-2AFC-4D41-86B1-EB6DA0807C18}.Debug|Any CPU.ActiveCfg = Release|Any CPU
		{B4F99C9C-2AFC-4D41-86B1-EB6DA0807C18}.Debug|Any CPU.Build.0 = Release|Any CPU
		{B4F99C9C-2AFC-4D41-86B1-EB6DA0807C18}.Release|Any CPU.ActiveCfg = Release|Any CPU
		{B4F99C9C-2AFC-4D41-86B1-EB6DA0807C18}.Release|Any CPU.Build.0 = Release|Any CPU
		{DD36F5BA-30C8-435E-865F-F8C0EBADAE05}.Debug|Any CPU.ActiveCfg = Release|Any CPU
		{DD36F5BA-30C8-435E-865F-F8C0EBADAE05}.Debug|Any CPU.Build.0 = Release|Any CPU
		{DD36F5BA-30C8-435E-865F-F8C0EBADAE05}.Release|Any CPU.ActiveCfg = Release|Any CPU
		{DD36F5BA-30C8-435E-865F-F8C0EBADAE05}.Release|Any CPU.Build.0 = Release|Any CPU
	EndGlobalSection
	GlobalSection(SolutionProperties) = preSolution
		HideSolutionNode = FALSE
	EndGlobalSection
EndGlobal
