
Microsoft Visual Studio Solution File, Format Version 12.00
# Visual Studio 15
VisualStudioVersion = 15.0.26730.10
MinimumVisualStudioVersion = 10.0.40219.1
Project("{FAE04EC0-301F-11D3-BF4B-00C04F79EFBC}") = "DSA", "DSA\DSA.csproj", "{F2B808CF-2D2E-442E-A145-983A7413A596}"
EndProject
Project("{FAE04EC0-301F-11D3-BF4B-00C04F79EFBC}") = "DSAUnitTests", "DSAUnitTests\DSAUnitTests.csproj", "{DD5D5013-4B48-45C1-890D-19B5F3AD060A}"
EndProject
Global
	GlobalSection(SolutionConfigurationPlatforms) = preSolution
		Debug|Any CPU = Debug|Any CPU
		Release|Any CPU = Release|Any CPU
	EndGlobalSection
	GlobalSection(ProjectConfigurationPlatforms) = postSolution
		{F2B808CF-2D2E-442E-A145-983A7413A596}.Debug|Any CPU.ActiveCfg = Debug|Any CPU
		{F2B808CF-2D2E-442E-A145-983A7413A596}.Debug|Any CPU.Build.0 = Debug|Any CPU
		{F2B808CF-2D2E-442E-A145-983A7413A596}.Release|Any CPU.ActiveCfg = Release|Any CPU
		{F2B808CF-2D2E-442E-A145-983A7413A596}.Release|Any CPU.Build.0 = Release|Any CPU
		{DD5D5013-4B48-45C1-890D-19B5F3AD060A}.Debug|Any CPU.ActiveCfg = Debug|Any CPU
		{DD5D5013-4B48-45C1-890D-19B5F3AD060A}.Debug|Any CPU.Build.0 = Debug|Any CPU
		{DD5D5013-4B48-45C1-890D-19B5F3AD060A}.Release|Any CPU.ActiveCfg = Release|Any CPU
		{DD5D5013-4B48-45C1-890D-19B5F3AD060A}.Release|Any CPU.Build.0 = Release|Any CPU
	EndGlobalSection
	GlobalSection(SolutionProperties) = preSolution
		HideSolutionNode = FALSE
	EndGlobalSection
	GlobalSection(ExtensibilityGlobals) = postSolution
		SolutionGuid = {C01D92D1-6568-4B7B-9C1D-74EAFB530B47}
	EndGlobalSection
EndGlobal
